
Microsoft Visual Studio Solution File, Format Version 12.00
# Visual Studio Version 17
VisualStudioVersion = 17.4.33213.308
MinimumVisualStudioVersion = 10.0.40219.1
Project("{FAE04EC0-301F-11D3-BF4B-00C04F79EFBC}") = "controleDeAluno", "controleDeAluno\controleDeAluno.csproj", "{36FD51C9-D5DF-4F0B-8B00-E002B375E568}"
EndProject
Global
	GlobalSection(SolutionConfigurationPlatforms) = preSolution
		Debug|Any CPU = Debug|Any CPU
		Release|Any CPU = Release|Any CPU
	EndGlobalSection
	GlobalSection(ProjectConfigurationPlatforms) = postSolution
		{36FD51C9-D5DF-4F0B-8B00-E002B375E568}.Debug|Any CPU.ActiveCfg = Debug|Any CPU
		{36FD51C9-D5DF-4F0B-8B00-E002B375E568}.Debug|Any CPU.Build.0 = Debug|Any CPU
		{36FD51C9-D5DF-4F0B-8B00-E002B375E568}.Release|Any CPU.ActiveCfg = Release|Any CPU
		{36FD51C9-D5DF-4F0B-8B00-E002B375E568}.Release|Any CPU.Build.0 = Release|Any CPU
	EndGlobalSection
	GlobalSection(SolutionProperties) = preSolution
		HideSolutionNode = FALSE
	EndGlobalSection
	GlobalSection(ExtensibilityGlobals) = postSolution
		SolutionGuid = {D77FAF95-C695-4061-92C8-A6656859738A}
	EndGlobalSection
EndGlobal
